// !$*UTF8*$!
{
	archiveVersion = 1;
	classes = {
	};
	objectVersion = 48;
	objects = {

/* Begin PBXBuildFile section */
		09531EB2206A7A1E00AF28D9 /* AppDelegate.m in Sources */ = {isa = PBXBuildFile; fileRef = 09531EB1206A7A1E00AF28D9 /* AppDelegate.m */; };
		09531EB5206A7A1E00AF28D9 /* ViewController.m in Sources */ = {isa = PBXBuildFile; fileRef = 09531EB4206A7A1E00AF28D9 /* ViewController.m */; };
		09531EB8206A7A1E00AF28D9 /* Main.storyboard in Resources */ = {isa = PBXBuildFile; fileRef = 09531EB6206A7A1E00AF28D9 /* Main.storyboard */; };
		09531EBB206A7A1E00AF28D9 /* ______.xcdatamodeld in Sources */ = {isa = PBXBuildFile; fileRef = 09531EB9206A7A1E00AF28D9 /* ______.xcdatamodeld */; };
		09531EBD206A7A1E00AF28D9 /* Assets.xcassets in Resources */ = {isa = PBXBuildFile; fileRef = 09531EBC206A7A1E00AF28D9 /* Assets.xcassets */; };
		09531EC0206A7A1E00AF28D9 /* LaunchScreen.storyboard in Resources */ = {isa = PBXBuildFile; fileRef = 09531EBE206A7A1E00AF28D9 /* LaunchScreen.storyboard */; };
		09531EC3206A7A1E00AF28D9 /* main.m in Sources */ = {isa = PBXBuildFile; fileRef = 09531EC2206A7A1E00AF28D9 /* main.m */; };
		09531ECD206A7A1E00AF28D9 /* ______Tests.m in Sources */ = {isa = PBXBuildFile; fileRef = 09531ECC206A7A1E00AF28D9 /* ______Tests.m */; };
		09531ED8206A7A1E00AF28D9 /* ______UITests.m in Sources */ = {isa = PBXBuildFile; fileRef = 09531ED7206A7A1E00AF28D9 /* ______UITests.m */; };
/* End PBXBuildFile section */

/* Begin PBXContainerItemProxy section */
		09531EC9206A7A1E00AF28D9 /* PBXContainerItemProxy */ = {
			isa = PBXContainerItemProxy;
			containerPortal = 09531EA5206A7A1E00AF28D9 /* Project object */;
			proxyType = 1;
			remoteGlobalIDString = 09531EAC206A7A1E00AF28D9;
			remoteInfo = "文本光标定位";
		};
		09531ED4206A7A1E00AF28D9 /* PBXContainerItemProxy */ = {
			isa = PBXContainerItemProxy;
			containerPortal = 09531EA5206A7A1E00AF28D9 /* Project object */;
			proxyType = 1;
			remoteGlobalIDString = 09531EAC206A7A1E00AF28D9;
			remoteInfo = "文本光标定位";
		};
/* End PBXContainerItemProxy section */

/* Begin PBXFileReference section */
		09531EAD206A7A1E00AF28D9 /* 文本光标定位.app */ = {isa = PBXFileReference; explicitFileType = wrapper.application; includeInIndex = 0; path = "文本光标定位.app"; sourceTree = BUILT_PRODUCTS_DIR; };
		09531EB0206A7A1E00AF28D9 /* AppDelegate.h */ = {isa = PBXFileReference; lastKnownFileType = sourcecode.c.h; path = AppDelegate.h; sourceTree = "<group>"; };
		09531EB1206A7A1E00AF28D9 /* AppDelegate.m */ = {isa = PBXFileReference; lastKnownFileType = sourcecode.c.objc; path = AppDelegate.m; sourceTree = "<group>"; };
		09531EB3206A7A1E00AF28D9 /* ViewController.h */ = {isa = PBXFileReference; lastKnownFileType = sourcecode.c.h; path = ViewController.h; sourceTree = "<group>"; };
		09531EB4206A7A1E00AF28D9 /* ViewController.m */ = {isa = PBXFileReference; lastKnownFileType = sourcecode.c.objc; path = ViewController.m; sourceTree = "<group>"; };
		09531EB7206A7A1E00AF28D9 /* Base */ = {isa = PBXFileReference; lastKnownFileType = file.storyboard; name = Base; path = Base.lproj/Main.storyboard; sourceTree = "<group>"; };
		09531EBA206A7A1E00AF28D9 /* ______.xcdatamodel */ = {isa = PBXFileReference; lastKnownFileType = wrapper.xcdatamodel; path = "______.xcdatamodel"; sourceTree = "<group>"; };
		09531EBC206A7A1E00AF28D9 /* Assets.xcassets */ = {isa = PBXFileReference; lastKnownFileType = folder.assetcatalog; path = Assets.xcassets; sourceTree = "<group>"; };
		09531EBF206A7A1E00AF28D9 /* Base */ = {isa = PBXFileReference; lastKnownFileType = file.storyboard; name = Base; path = Base.lproj/LaunchScreen.storyboard; sourceTree = "<group>"; };
		09531EC1206A7A1E00AF28D9 /* Info.plist */ = {isa = PBXFileReference; lastKnownFileType = text.plist.xml; path = Info.plist; sourceTree = "<group>"; };
		09531EC2206A7A1E00AF28D9 /* main.m */ = {isa = PBXFileReference; lastKnownFileType = sourcecode.c.objc; path = main.m; sourceTree = "<group>"; };
		09531EC8206A7A1E00AF28D9 /* 文本光标定位Tests.xctest */ = {isa = PBXFileReference; explicitFileType = wrapper.cfbundle; includeInIndex = 0; path = "文本光标定位Tests.xctest"; sourceTree = BUILT_PRODUCTS_DIR; };
		09531ECC206A7A1E00AF28D9 /* ______Tests.m */ = {isa = PBXFileReference; lastKnownFileType = sourcecode.c.objc; path = "______Tests.m"; sourceTree = "<group>"; };
		09531ECE206A7A1E00AF28D9 /* Info.plist */ = {isa = PBXFileReference; lastKnownFileType = text.plist.xml; path = Info.plist; sourceTree = "<group>"; };
		09531ED3206A7A1E00AF28D9 /* 文本光标定位UITests.xctest */ = {isa = PBXFileReference; explicitFileType = wrapper.cfbundle; includeInIndex = 0; path = "文本光标定位UITests.xctest"; sourceTree = BUILT_PRODUCTS_DIR; };
		09531ED7206A7A1E00AF28D9 /* ______UITests.m */ = {isa = PBXFileReference; lastKnownFileType = sourcecode.c.objc; path = "______UITests.m"; sourceTree = "<group>"; };
		09531ED9206A7A1E00AF28D9 /* Info.plist */ = {isa = PBXFileReference; lastKnownFileType = text.plist.xml; path = Info.plist; sourceTree = "<group>"; };
/* End PBXFileReference section */

/* Begin PBXFrameworksBuildPhase section */
		09531EAA206A7A1E00AF28D9 /* Frameworks */ = {
			isa = PBXFrameworksBuildPhase;
			buildActionMask = 2147483647;
			files = (
			);
			runOnlyForDeploymentPostprocessing = 0;
		};
		09531EC5206A7A1E00AF28D9 /* Frameworks */ = {
			isa = PBXFrameworksBuildPhase;
			buildActionMask = 2147483647;
			files = (
			);
			runOnlyForDeploymentPostprocessing = 0;
		};
		09531ED0206A7A1E00AF28D9 /* Frameworks */ = {
			isa = PBXFrameworksBuildPhase;
			buildActionMask = 2147483647;
			files = (
			);
			runOnlyForDeploymentPostprocessing = 0;
		};
/* End PBXFrameworksBuildPhase section */

/* Begin PBXGroup section */
		09531EA4206A7A1E00AF28D9 = {
			isa = PBXGroup;
			children = (
				09531EAF206A7A1E00AF28D9 /* 文本光标定位 */,
				09531ECB206A7A1E00AF28D9 /* 文本光标定位Tests */,
				09531ED6206A7A1E00AF28D9 /* 文本光标定位UITests */,
				09531EAE206A7A1E00AF28D9 /* Products */,
			);
			sourceTree = "<group>";
		};
		09531EAE206A7A1E00AF28D9 /* Products */ = {
			isa = PBXGroup;
			children = (
				09531EAD206A7A1E00AF28D9 /* 文本光标定位.app */,
				09531EC8206A7A1E00AF28D9 /* 文本光标定位Tests.xctest */,
				09531ED3206A7A1E00AF28D9 /* 文本光标定位UITests.xctest */,
			);
			name = Products;
			sourceTree = "<group>";
		};
		09531EAF206A7A1E00AF28D9 /* 文本光标定位 */ = {
			isa = PBXGroup;
			children = (
				09531EB0206A7A1E00AF28D9 /* AppDelegate.h */,
				09531EB1206A7A1E00AF28D9 /* AppDelegate.m */,
				09531EB3206A7A1E00AF28D9 /* ViewController.h */,
				09531EB4206A7A1E00AF28D9 /* ViewController.m */,
				09531EB6206A7A1E00AF28D9 /* Main.storyboard */,
				09531EBC206A7A1E00AF28D9 /* Assets.xcassets */,
				09531EBE206A7A1E00AF28D9 /* LaunchScreen.storyboard */,
				09531EC1206A7A1E00AF28D9 /* Info.plist */,
				09531EC2206A7A1E00AF28D9 /* main.m */,
				09531EB9206A7A1E00AF28D9 /* ______.xcdatamodeld */,
			);
			path = "文本光标定位";
			sourceTree = "<group>";
		};
		09531ECB206A7A1E00AF28D9 /* 文本光标定位Tests */ = {
			isa = PBXGroup;
			children = (
				09531ECC206A7A1E00AF28D9 /* ______Tests.m */,
				09531ECE206A7A1E00AF28D9 /* Info.plist */,
			);
			path = "文本光标定位Tests";
			sourceTree = "<group>";
		};
		09531ED6206A7A1E00AF28D9 /* 文本光标定位UITests */ = {
			isa = PBXGroup;
			children = (
				09531ED7206A7A1E00AF28D9 /* ______UITests.m */,
				09531ED9206A7A1E00AF28D9 /* Info.plist */,
			);
			path = "文本光标定位UITests";
			sourceTree = "<group>";
		};
/* End PBXGroup section */

/* Begin PBXNativeTarget section */
		09531EAC206A7A1E00AF28D9 /* 文本光标定位 */ = {
			isa = PBXNativeTarget;
			buildConfigurationList = 09531EDC206A7A1E00AF28D9 /* Build configuration list for PBXNativeTarget "文本光标定位" */;
			buildPhases = (
				09531EA9206A7A1E00AF28D9 /* Sources */,
				09531EAA206A7A1E00AF28D9 /* Frameworks */,
				09531EAB206A7A1E00AF28D9 /* Resources */,
			);
			buildRules = (
			);
			dependencies = (
			);
			name = "文本光标定位";
			productName = "文本光标定位";
			productReference = 09531EAD206A7A1E00AF28D9 /* 文本光标定位.app */;
			productType = "com.apple.product-type.application";
		};
		09531EC7206A7A1E00AF28D9 /* 文本光标定位Tests */ = {
			isa = PBXNativeTarget;
			buildConfigurationList = 09531EDF206A7A1E00AF28D9 /* Build configuration list for PBXNativeTarget "文本光标定位Tests" */;
			buildPhases = (
				09531EC4206A7A1E00AF28D9 /* Sources */,
				09531EC5206A7A1E00AF28D9 /* Frameworks */,
				09531EC6206A7A1E00AF28D9 /* Resources */,
			);
			buildRules = (
			);
			dependencies = (
				09531ECA206A7A1E00AF28D9 /* PBXTargetDependency */,
			);
			name = "文本光标定位Tests";
			productName = "文本光标定位Tests";
			productReference = 09531EC8206A7A1E00AF28D9 /* 文本光标定位Tests.xctest */;
			productType = "com.apple.product-type.bundle.unit-test";
		};
		09531ED2206A7A1E00AF28D9 /* 文本光标定位UITests */ = {
			isa = PBXNativeTarget;
			buildConfigurationList = 09531EE2206A7A1E00AF28D9 /* Build configuration list for PBXNativeTarget "文本光标定位UITests" */;
			buildPhases = (
				09531ECF206A7A1E00AF28D9 /* Sources */,
				09531ED0206A7A1E00AF28D9 /* Frameworks */,
				09531ED1206A7A1E00AF28D9 /* Resources */,
			);
			buildRules = (
			);
			dependencies = (
				09531ED5206A7A1E00AF28D9 /* PBXTargetDependency */,
			);
			name = "文本光标定位UITests";
			productName = "文本光标定位UITests";
			productReference = 09531ED3206A7A1E00AF28D9 /* 文本光标定位UITests.xctest */;
			productType = "com.apple.product-type.bundle.ui-testing";
		};
/* End PBXNativeTarget section */

/* Begin PBXProject section */
		09531EA5206A7A1E00AF28D9 /* Project object */ = {
			isa = PBXProject;
			attributes = {
				LastUpgradeCheck = 0920;
				ORGANIZATIONNAME = duanyutian;
				TargetAttributes = {
					09531EAC206A7A1E00AF28D9 = {
						CreatedOnToolsVersion = 9.2;
						ProvisioningStyle = Automatic;
					};
					09531EC7206A7A1E00AF28D9 = {
						CreatedOnToolsVersion = 9.2;
						ProvisioningStyle = Automatic;
						TestTargetID = 09531EAC206A7A1E00AF28D9;
					};
					09531ED2206A7A1E00AF28D9 = {
						CreatedOnToolsVersion = 9.2;
						ProvisioningStyle = Automatic;
						TestTargetID = 09531EAC206A7A1E00AF28D9;
					};
				};
			};
			buildConfigurationList = 09531EA8206A7A1E00AF28D9 /* Build configuration list for PBXProject "文本光标定位" */;
			compatibilityVersion = "Xcode 8.0";
			developmentRegion = en;
			hasScannedForEncodings = 0;
			knownRegions = (
				en,
				Base,
			);
			mainGroup = 09531EA4206A7A1E00AF28D9;
			productRefGroup = 09531EAE206A7A1E00AF28D9 /* Products */;
			projectDirPath = "";
			projectRoot = "";
			targets = (
				09531EAC206A7A1E00AF28D9 /* 文本光标定位 */,
				09531EC7206A7A1E00AF28D9 /* 文本光标定位Tests */,
				09531ED2206A7A1E00AF28D9 /* 文本光标定位UITests */,
			);
		};
/* End PBXProject section */

/* Begin PBXResourcesBuildPhase section */
		09531EAB206A7A1E00AF28D9 /* Resources */ = {
			isa = PBXResourcesBuildPhase;
			buildActionMask = 2147483647;
			files = (
				09531EC0206A7A1E00AF28D9 /* LaunchScreen.storyboard in Resources */,
				09531EBD206A7A1E00AF28D9 /* Assets.xcassets in Resources */,
				09531EB8206A7A1E00AF28D9 /* Main.storyboard in Resources */,
			);
			runOnlyForDeploymentPostprocessing = 0;
		};
		09531EC6206A7A1E00AF28D9 /* Resources */ = {
			isa = PBXResourcesBuildPhase;
			buildActionMask = 2147483647;
			files = (
			);
			runOnlyForDeploymentPostprocessing = 0;
		};
		09531ED1206A7A1E00AF28D9 /* Resources */ = {
			isa = PBXResourcesBuildPhase;
			buildActionMask = 2147483647;
			files = (
			);
			runOnlyForDeploymentPostprocessing = 0;
		};
/* End PBXResourcesBuildPhase section */

/* Begin PBXSourcesBuildPhase section */
		09531EA9206A7A1E00AF28D9 /* Sources */ = {
			isa = PBXSourcesBuildPhase;
			buildActionMask = 2147483647;
			files = (
				09531EBB206A7A1E00AF28D9 /* ______.xcdatamodeld in Sources */,
				09531EB5206A7A1E00AF28D9 /* ViewController.m in Sources */,
				09531EC3206A7A1E00AF28D9 /* main.m in Sources */,
				09531EB2206A7A1E00AF28D9 /* AppDelegate.m in Sources */,
			);
			runOnlyForDeploymentPostprocessing = 0;
		};
		09531EC4206A7A1E00AF28D9 /* Sources */ = {
			isa = PBXSourcesBuildPhase;
			buildActionMask = 2147483647;
			files = (
				09531ECD206A7A1E00AF28D9 /* ______Tests.m in Sources */,
			);
			runOnlyForDeploymentPostprocessing = 0;
		};
		09531ECF206A7A1E00AF28D9 /* Sources */ = {
			isa = PBXSourcesBuildPhase;
			buildActionMask = 2147483647;
			files = (
				09531ED8206A7A1E00AF28D9 /* ______UITests.m in Sources */,
			);
			runOnlyForDeploymentPostprocessing = 0;
		};
/* End PBXSourcesBuildPhase section */

/* Begin PBXTargetDependency section */
		09531ECA206A7A1E00AF28D9 /* PBXTargetDependency */ = {
			isa = PBXTargetDependency;
			target = 09531EAC206A7A1E00AF28D9 /* 文本光标定位 */;
			targetProxy = 09531EC9206A7A1E00AF28D9 /* PBXContainerItemProxy */;
		};
		09531ED5206A7A1E00AF28D9 /* PBXTargetDependency */ = {
			isa = PBXTargetDependency;
			target = 09531EAC206A7A1E00AF28D9 /* 文本光标定位 */;
			targetProxy = 09531ED4206A7A1E00AF28D9 /* PBXContainerItemProxy */;
		};
/* End PBXTargetDependency section */

/* Begin PBXVariantGroup section */
		09531EB6206A7A1E00AF28D9 /* Main.storyboard */ = {
			isa = PBXVariantGroup;
			children = (
				09531EB7206A7A1E00AF28D9 /* Base */,
			);
			name = Main.storyboard;
			sourceTree = "<group>";
		};
		09531EBE206A7A1E00AF28D9 /* LaunchScreen.storyboard */ = {
			isa = PBXVariantGroup;
			children = (
				09531EBF206A7A1E00AF28D9 /* Base */,
			);
			name = LaunchScreen.storyboard;
			sourceTree = "<group>";
		};
/* End PBXVariantGroup section */

/* Begin XCBuildConfiguration section */
		09531EDA206A7A1E00AF28D9 /* Debug */ = {
			isa = XCBuildConfiguration;
			buildSettings = {
				ALWAYS_SEARCH_USER_PATHS = NO;
				CLANG_ANALYZER_NONNULL = YES;
				CLANG_ANALYZER_NUMBER_OBJECT_CONVERSION = YES_AGGRESSIVE;
				CLANG_CXX_LANGUAGE_STANDARD = "gnu++14";
				CLANG_CXX_LIBRARY = "libc++";
				CLANG_ENABLE_MODULES = YES;
				CLANG_ENABLE_OBJC_ARC = YES;
				CLANG_WARN_BLOCK_CAPTURE_AUTORELEASING = YES;
				CLANG_WARN_BOOL_CONVERSION = YES;
				CLANG_WARN_COMMA = YES;
				CLANG_WARN_CONSTANT_CONVERSION = YES;
				CLANG_WARN_DIRECT_OBJC_ISA_USAGE = YES_ERROR;
				CLANG_WARN_DOCUMENTATION_COMMENTS = YES;
				CLANG_WARN_EMPTY_BODY = YES;
				CLANG_WARN_ENUM_CONVERSION = YES;
				CLANG_WARN_INFINITE_RECURSION = YES;
				CLANG_WARN_INT_CONVERSION = YES;
				CLANG_WARN_NON_LITERAL_NULL_CONVERSION = YES;
				CLANG_WARN_OBJC_LITERAL_CONVERSION = YES;
				CLANG_WARN_OBJC_ROOT_CLASS = YES_ERROR;
				CLANG_WARN_RANGE_LOOP_ANALYSIS = YES;
				CLANG_WARN_STRICT_PROTOTYPES = YES;
				CLANG_WARN_SUSPICIOUS_MOVE = YES;
				CLANG_WARN_UNGUARDED_AVAILABILITY = YES_AGGRESSIVE;
				CLANG_WARN_UNREACHABLE_CODE = YES;
				CLANG_WARN__DUPLICATE_METHOD_MATCH = YES;
				CODE_SIGN_IDENTITY = "iPhone Developer";
				COPY_PHASE_STRIP = NO;
				DEBUG_INFORMATION_FORMAT = dwarf;
				ENABLE_STRICT_OBJC_MSGSEND = YES;
				ENABLE_TESTABILITY = YES;
				GCC_C_LANGUAGE_STANDARD = gnu11;
				GCC_DYNAMIC_NO_PIC = NO;
				GCC_NO_COMMON_BLOCKS = YES;
				GCC_OPTIMIZATION_LEVEL = 0;
				GCC_PREPROCESSOR_DEFINITIONS = (
					"DEBUG=1",
					"$(inherited)",
				);
				GCC_WARN_64_TO_32_BIT_CONVERSION = YES;
				GCC_WARN_ABOUT_RETURN_TYPE = YES_ERROR;
				GCC_WARN_UNDECLARED_SELECTOR = YES;
				GCC_WARN_UNINITIALIZED_AUTOS = YES_AGGRESSIVE;
				GCC_WARN_UNUSED_FUNCTION = YES;
				GCC_WARN_UNUSED_VARIABLE = YES;
				IPHONEOS_DEPLOYMENT_TARGET = 11.2;
				MTL_ENABLE_DEBUG_INFO = YES;
				ONLY_ACTIVE_ARCH = YES;
				SDKROOT = iphoneos;
			};
			name = Debug;
		};
		09531EDB206A7A1E00AF28D9 /* Release */ = {
			isa = XCBuildConfiguration;
			buildSettings = {
				ALWAYS_SEARCH_USER_PATHS = NO;
				CLANG_ANALYZER_NONNULL = YES;
				CLANG_ANALYZER_NUMBER_OBJECT_CONVERSION = YES_AGGRESSIVE;
				CLANG_CXX_LANGUAGE_STANDARD = "gnu++14";
				CLANG_CXX_LIBRARY = "libc++";
				CLANG_ENABLE_MODULES = YES;
				CLANG_ENABLE_OBJC_ARC = YES;
				CLANG_WARN_BLOCK_CAPTURE_AUTORELEASING = YES;
				CLANG_WARN_BOOL_CONVERSION = YES;
				CLANG_WARN_COMMA = YES;
				CLANG_WARN_CONSTANT_CONVERSION = YES;
				CLANG_WARN_DIRECT_OBJC_ISA_USAGE = YES_ERROR;
				CLANG_WARN_DOCUMENTATION_COMMENTS = YES;
				CLANG_WARN_EMPTY_BODY = YES;
				CLANG_WARN_ENUM_CONVERSION = YES;
				CLANG_WARN_INFINITE_RECURSION = YES;
				CLANG_WARN_INT_CONVERSION = YES;
				CLANG_WARN_NON_LITERAL_NULL_CONVERSION = YES;
				CLANG_WARN_OBJC_LITERAL_CONVERSION = YES;
				CLANG_WARN_OBJC_ROOT_CLASS = YES_ERROR;
				CLANG_WARN_RANGE_LOOP_ANALYSIS = YES;
				CLANG_WARN_STRICT_PROTOTYPES = YES;
				CLANG_WARN_SUSPICIOUS_MOVE = YES;
				CLANG_WARN_UNGUARDED_AVAILABILITY = YES_AGGRESSIVE;
				CLANG_WARN_UNREACHABLE_CODE = YES;
				CLANG_WARN__DUPLICATE_METHOD_MATCH = YES;
				CODE_SIGN_IDENTITY = "iPhone Developer";
				COPY_PHASE_STRIP = NO;
				DEBUG_INFORMATION_FORMAT = "dwarf-with-dsym";
				ENABLE_NS_ASSERTIONS = NO;
				ENABLE_STRICT_OBJC_MSGSEND = YES;
				GCC_C_LANGUAGE_STANDARD = gnu11;
				GCC_NO_COMMON_BLOCKS = YES;
				GCC_WARN_64_TO_32_BIT_CONVERSION = YES;
				GCC_WARN_ABOUT_RETURN_TYPE = YES_ERROR;
				GCC_WARN_UNDECLARED_SELECTOR = YES;
				GCC_WARN_UNINITIALIZED_AUTOS = YES_AGGRESSIVE;
				GCC_WARN_UNUSED_FUNCTION = YES;
				GCC_WARN_UNUSED_VARIABLE = YES;
				IPHONEOS_DEPLOYMENT_TARGET = 11.2;
				MTL_ENABLE_DEBUG_INFO = NO;
				SDKROOT = iphoneos;
				VALIDATE_PRODUCT = YES;
			};
			name = Release;
		};
		09531EDD206A7A1E00AF28D9 /* Debug */ = {
			isa = XCBuildConfiguration;
			buildSettings = {
				ASSETCATALOG_COMPILER_APPICON_NAME = AppIcon;
				CODE_SIGN_STYLE = Automatic;
				DEVELOPMENT_TEAM = 7TNL83WLRC;
				INFOPLIST_FILE = "文本光标定位/Info.plist";
				LD_RUNPATH_SEARCH_PATHS = "$(inherited) @executable_path/Frameworks";
				PRODUCT_BUNDLE_IDENTIFIER = "dyt.personalDemo.------";
				PRODUCT_NAME = "$(TARGET_NAME)";
				TARGETED_DEVICE_FAMILY = "1,2";
			};
			name = Debug;
		};
		09531EDE206A7A1E00AF28D9 /* Release */ = {
			isa = XCBuildConfiguration;
			buildSettings = {
				ASSETCATALOG_COMPILER_APPICON_NAME = AppIcon;
				CODE_SIGN_STYLE = Automatic;
				DEVELOPMENT_TEAM = 7TNL83WLRC;
				INFOPLIST_FILE = "文本光标定位/Info.plist";
				LD_RUNPATH_SEARCH_PATHS = "$(inherited) @executable_path/Frameworks";
				PRODUCT_BUNDLE_IDENTIFIER = "dyt.personalDemo.------";
				PRODUCT_NAME = "$(TARGET_NAME)";
				TARGETED_DEVICE_FAMILY = "1,2";
			};
			name = Release;
		};
		09531EE0206A7A1E00AF28D9 /* Debug */ = {
			isa = XCBuildConfiguration;
			buildSettings = {
				BUNDLE_LOADER = "$(TEST_HOST)";
				CODE_SIGN_STYLE = Automatic;
				DEVELOPMENT_TEAM = 7TNL83WLRC;
				INFOPLIST_FILE = "文本光标定位Tests/Info.plist";
				LD_RUNPATH_SEARCH_PATHS = "$(inherited) @executable_path/Frameworks @loader_path/Frameworks";
				PRODUCT_BUNDLE_IDENTIFIER = "dyt.personalDemo.------Tests";
				PRODUCT_NAME = "$(TARGET_NAME)";
				TARGETED_DEVICE_FAMILY = "1,2";
				TEST_HOST = "$(BUILT_PRODUCTS_DIR)/文本光标定位.app/文本光标定位";
			};
			name = Debug;
		};
		09531EE1206A7A1E00AF28D9 /* Release */ = {
			isa = XCBuildConfiguration;
			buildSettings = {
				BUNDLE_LOADER = "$(TEST_HOST)";
				CODE_SIGN_STYLE = Automatic;
				DEVELOPMENT_TEAM = 7TNL83WLRC;
				INFOPLIST_FILE = "文本光标定位Tests/Info.plist";
				LD_RUNPATH_SEARCH_PATHS = "$(inherited) @executable_path/Frameworks @loader_path/Frameworks";
				PRODUCT_BUNDLE_IDENTIFIER = "dyt.personalDemo.------Tests";
				PRODUCT_NAME = "$(TARGET_NAME)";
				TARGETED_DEVICE_FAMILY = "1,2";
				TEST_HOST = "$(BUILT_PRODUCTS_DIR)/文本光标定位.app/文本光标定位";
			};
			name = Release;
		};
		09531EE3206A7A1E00AF28D9 /* Debug */ = {
			isa = XCBuildConfiguration;
			buildSettings = {
				CODE_SIGN_STYLE = Automatic;
				DEVELOPMENT_TEAM = 7TNL83WLRC;
				INFOPLIST_FILE = "文本光标定位UITests/Info.plist";
				LD_RUNPATH_SEARCH_PATHS = "$(inherited) @executable_path/Frameworks @loader_path/Frameworks";
				PRODUCT_BUNDLE_IDENTIFIER = "dyt.personalDemo.------UITests";
				PRODUCT_NAME = "$(TARGET_NAME)";
				TARGETED_DEVICE_FAMILY = "1,2";
				TEST_TARGET_NAME = "文本光标定位";
			};
			name = Debug;
		};
		09531EE4206A7A1E00AF28D9 /* Release */ = {
			isa = XCBuildConfiguration;
			buildSettings = {
				CODE_SIGN_STYLE = Automatic;
				DEVELOPMENT_TEAM = 7TNL83WLRC;
				INFOPLIST_FILE = "文本光标定位UITests/Info.plist";
				LD_RUNPATH_SEARCH_PATHS = "$(inherited) @executable_path/Frameworks @loader_path/Frameworks";
				PRODUCT_BUNDLE_IDENTIFIER = "dyt.personalDemo.------UITests";
				PRODUCT_NAME = "$(TARGET_NAME)";
				TARGETED_DEVICE_FAMILY = "1,2";
				TEST_TARGET_NAME = "文本光标定位";
			};
			name = Release;
		};
/* End XCBuildConfiguration section */

/* Begin XCConfigurationList section */
		09531EA8206A7A1E00AF28D9 /* Build configuration list for PBXProject "文本光标定位" */ = {
			isa = XCConfigurationList;
			buildConfigurations = (
				09531EDA206A7A1E00AF28D9 /* Debug */,
				09531EDB206A7A1E00AF28D9 /* Release */,
			);
			defaultConfigurationIsVisible = 0;
			defaultConfigurationName = Release;
		};
		09531EDC206A7A1E00AF28D9 /* Build configuration list for PBXNativeTarget "文本光标定位" */ = {
			isa = XCConfigurationList;
			buildConfigurations = (
				09531EDD206A7A1E00AF28D9 /* Debug */,
				09531EDE206A7A1E00AF28D9 /* Release */,
			);
			defaultConfigurationIsVisible = 0;
			defaultConfigurationName = Release;
		};
		09531EDF206A7A1E00AF28D9 /* Build configuration list for PBXNativeTarget "文本光标定位Tests" */ = {
			isa = XCConfigurationList;
			buildConfigurations = (
				09531EE0206A7A1E00AF28D9 /* Debug */,
				09531EE1206A7A1E00AF28D9 /* Release */,
			);
			defaultConfigurationIsVisible = 0;
			defaultConfigurationName = Release;
		};
		09531EE2206A7A1E00AF28D9 /* Build configuration list for PBXNativeTarget "文本光标定位UITests" */ = {
			isa = XCConfigurationList;
			buildConfigurations = (
				09531EE3206A7A1E00AF28D9 /* Debug */,
				09531EE4206A7A1E00AF28D9 /* Release */,
			);
			defaultConfigurationIsVisible = 0;
			defaultConfigurationName = Release;
		};
/* End XCConfigurationList section */

/* Begin XCVersionGroup section */
		09531EB9206A7A1E00AF28D9 /* ______.xcdatamodeld */ = {
			isa = XCVersionGroup;
			children = (
				09531EBA206A7A1E00AF28D9 /* ______.xcdatamodel */,
			);
			currentVersion = 09531EBA206A7A1E00AF28D9 /* ______.xcdatamodel */;
			path = "______.xcdatamodeld";
			sourceTree = "<group>";
			versionGroupType = wrapper.xcdatamodel;
		};
/* End XCVersionGroup section */
	};
	rootObject = 09531EA5206A7A1E00AF28D9 /* Project object */;
}
