// !$*UTF8*$!
{
	archiveVersion = 1;
	classes = {
	};
	objectVersion = 51;
	objects = {

/* Begin PBXBuildFile section */
		375EC3F6243EB2A200125F46 /* AppDelegate.m in Sources */ = {isa = PBXBuildFile; fileRef = 375EC3F5243EB2A200125F46 /* AppDelegate.m */; };
		375EC3F9243EB2A200125F46 /* SceneDelegate.m in Sources */ = {isa = PBXBuildFile; fileRef = 375EC3F8243EB2A200125F46 /* SceneDelegate.m */; };
		375EC3FC243EB2A200125F46 /* ViewController.m in Sources */ = {isa = PBXBuildFile; fileRef = 375EC3FB243EB2A200125F46 /* ViewController.m */; };
		375EC3FF243EB2A200125F46 /* Main.storyboard in Resources */ = {isa = PBXBuildFile; fileRef = 375EC3FD243EB2A200125F46 /* Main.storyboard */; };
		375EC401243EB2A300125F46 /* Assets.xcassets in Resources */ = {isa = PBXBuildFile; fileRef = 375EC400243EB2A300125F46 /* Assets.xcassets */; };
		375EC404243EB2A300125F46 /* LaunchScreen.storyboard in Resources */ = {isa = PBXBuildFile; fileRef = 375EC402243EB2A300125F46 /* LaunchScreen.storyboard */; };
		375EC407243EB2A300125F46 /* main.m in Sources */ = {isa = PBXBuildFile; fileRef = 375EC406243EB2A300125F46 /* main.m */; };
		375EC410243EB34300125F46 /* YTPusllRefreshHeader.m in Sources */ = {isa = PBXBuildFile; fileRef = 375EC40F243EB34300125F46 /* YTPusllRefreshHeader.m */; };
		375EC413243EC07B00125F46 /* YTPullRefreshFooter.m in Sources */ = {isa = PBXBuildFile; fileRef = 375EC412243EC07B00125F46 /* YTPullRefreshFooter.m */; };
		E150B7177229F61042EDD515 /* Pods_YTPullRefresh.framework in Frameworks */ = {isa = PBXBuildFile; fileRef = C8D7CAE381759E58A027B97B /* Pods_YTPullRefresh.framework */; };
/* End PBXBuildFile section */

/* Begin PBXFileReference section */
		375EC3F1243EB2A200125F46 /* YTPullRefresh.app */ = {isa = PBXFileReference; explicitFileType = wrapper.application; includeInIndex = 0; path = YTPullRefresh.app; sourceTree = BUILT_PRODUCTS_DIR; };
		375EC3F4243EB2A200125F46 /* AppDelegate.h */ = {isa = PBXFileReference; lastKnownFileType = sourcecode.c.h; path = AppDelegate.h; sourceTree = "<group>"; };
		375EC3F5243EB2A200125F46 /* AppDelegate.m */ = {isa = PBXFileReference; lastKnownFileType = sourcecode.c.objc; path = AppDelegate.m; sourceTree = "<group>"; };
		375EC3F7243EB2A200125F46 /* SceneDelegate.h */ = {isa = PBXFileReference; lastKnownFileType = sourcecode.c.h; path = SceneDelegate.h; sourceTree = "<group>"; };
		375EC3F8243EB2A200125F46 /* SceneDelegate.m */ = {isa = PBXFileReference; lastKnownFileType = sourcecode.c.objc; path = SceneDelegate.m; sourceTree = "<group>"; };
		375EC3FA243EB2A200125F46 /* ViewController.h */ = {isa = PBXFileReference; lastKnownFileType = sourcecode.c.h; path = ViewController.h; sourceTree = "<group>"; };
		375EC3FB243EB2A200125F46 /* ViewController.m */ = {isa = PBXFileReference; lastKnownFileType = sourcecode.c.objc; path = ViewController.m; sourceTree = "<group>"; };
		375EC3FE243EB2A200125F46 /* Base */ = {isa = PBXFileReference; lastKnownFileType = file.storyboard; name = Base; path = Base.lproj/Main.storyboard; sourceTree = "<group>"; };
		375EC400243EB2A300125F46 /* Assets.xcassets */ = {isa = PBXFileReference; lastKnownFileType = folder.assetcatalog; path = Assets.xcassets; sourceTree = "<group>"; };
		375EC403243EB2A300125F46 /* Base */ = {isa = PBXFileReference; lastKnownFileType = file.storyboard; name = Base; path = Base.lproj/LaunchScreen.storyboard; sourceTree = "<group>"; };
		375EC405243EB2A300125F46 /* Info.plist */ = {isa = PBXFileReference; lastKnownFileType = text.plist.xml; path = Info.plist; sourceTree = "<group>"; };
		375EC406243EB2A300125F46 /* main.m */ = {isa = PBXFileReference; lastKnownFileType = sourcecode.c.objc; path = main.m; sourceTree = "<group>"; };
		375EC40E243EB34300125F46 /* YTPusllRefreshHeader.h */ = {isa = PBXFileReference; lastKnownFileType = sourcecode.c.h; path = YTPusllRefreshHeader.h; sourceTree = "<group>"; };
		375EC40F243EB34300125F46 /* YTPusllRefreshHeader.m */ = {isa = PBXFileReference; lastKnownFileType = sourcecode.c.objc; path = YTPusllRefreshHeader.m; sourceTree = "<group>"; };
		375EC411243EC07B00125F46 /* YTPullRefreshFooter.h */ = {isa = PBXFileReference; lastKnownFileType = sourcecode.c.h; path = YTPullRefreshFooter.h; sourceTree = "<group>"; };
		375EC412243EC07B00125F46 /* YTPullRefreshFooter.m */ = {isa = PBXFileReference; lastKnownFileType = sourcecode.c.objc; path = YTPullRefreshFooter.m; sourceTree = "<group>"; };
		C8D7CAE381759E58A027B97B /* Pods_YTPullRefresh.framework */ = {isa = PBXFileReference; explicitFileType = wrapper.framework; includeInIndex = 0; path = Pods_YTPullRefresh.framework; sourceTree = BUILT_PRODUCTS_DIR; };
		EF6794FB9E7386E1BCD1BBA1 /* Pods-YTPullRefresh.release.xcconfig */ = {isa = PBXFileReference; includeInIndex = 1; lastKnownFileType = text.xcconfig; name = "Pods-YTPullRefresh.release.xcconfig"; path = "Target Support Files/Pods-YTPullRefresh/Pods-YTPullRefresh.release.xcconfig"; sourceTree = "<group>"; };
		FCE160926C195D02C53DE02D /* Pods-YTPullRefresh.debug.xcconfig */ = {isa = PBXFileReference; includeInIndex = 1; lastKnownFileType = text.xcconfig; name = "Pods-YTPullRefresh.debug.xcconfig"; path = "Target Support Files/Pods-YTPullRefresh/Pods-YTPullRefresh.debug.xcconfig"; sourceTree = "<group>"; };
/* End PBXFileReference section */

/* Begin PBXFrameworksBuildPhase section */
		375EC3EE243EB2A200125F46 /* Frameworks */ = {
			isa = PBXFrameworksBuildPhase;
			buildActionMask = 2147483647;
			files = (
				E150B7177229F61042EDD515 /* Pods_YTPullRefresh.framework in Frameworks */,
			);
			runOnlyForDeploymentPostprocessing = 0;
		};
/* End PBXFrameworksBuildPhase section */

/* Begin PBXGroup section */
		375EC3E8243EB2A200125F46 = {
			isa = PBXGroup;
			children = (
				375EC3F3243EB2A200125F46 /* YTPullRefresh */,
				375EC3F2243EB2A200125F46 /* Products */,
				DC99BA6462122D65A298C81B /* Pods */,
				5FCB621145BA1FB7B9499728 /* Frameworks */,
			);
			sourceTree = "<group>";
		};
		375EC3F2243EB2A200125F46 /* Products */ = {
			isa = PBXGroup;
			children = (
				375EC3F1243EB2A200125F46 /* YTPullRefresh.app */,
			);
			name = Products;
			sourceTree = "<group>";
		};
		375EC3F3243EB2A200125F46 /* YTPullRefresh */ = {
			isa = PBXGroup;
			children = (
				375EC3F4243EB2A200125F46 /* AppDelegate.h */,
				375EC3F5243EB2A200125F46 /* AppDelegate.m */,
				375EC3F7243EB2A200125F46 /* SceneDelegate.h */,
				375EC3F8243EB2A200125F46 /* SceneDelegate.m */,
				375EC3FA243EB2A200125F46 /* ViewController.h */,
				375EC3FB243EB2A200125F46 /* ViewController.m */,
				375EC414243EC20600125F46 /* YTPusllRefershFooter */,
				375EC40D243EB2EE00125F46 /* YTPusllRefreshHeader */,
				375EC3FD243EB2A200125F46 /* Main.storyboard */,
				375EC400243EB2A300125F46 /* Assets.xcassets */,
				375EC402243EB2A300125F46 /* LaunchScreen.storyboard */,
				375EC405243EB2A300125F46 /* Info.plist */,
				375EC406243EB2A300125F46 /* main.m */,
			);
			path = YTPullRefresh;
			sourceTree = "<group>";
		};
		375EC40D243EB2EE00125F46 /* YTPusllRefreshHeader */ = {
			isa = PBXGroup;
			children = (
				375EC40E243EB34300125F46 /* YTPusllRefreshHeader.h */,
				375EC40F243EB34300125F46 /* YTPusllRefreshHeader.m */,
			);
			path = YTPusllRefreshHeader;
			sourceTree = "<group>";
		};
		375EC414243EC20600125F46 /* YTPusllRefershFooter */ = {
			isa = PBXGroup;
			children = (
				375EC411243EC07B00125F46 /* YTPullRefreshFooter.h */,
				375EC412243EC07B00125F46 /* YTPullRefreshFooter.m */,
			);
			path = YTPusllRefershFooter;
			sourceTree = "<group>";
		};
		5FCB621145BA1FB7B9499728 /* Frameworks */ = {
			isa = PBXGroup;
			children = (
				C8D7CAE381759E58A027B97B /* Pods_YTPullRefresh.framework */,
			);
			name = Frameworks;
			sourceTree = "<group>";
		};
		DC99BA6462122D65A298C81B /* Pods */ = {
			isa = PBXGroup;
			children = (
				FCE160926C195D02C53DE02D /* Pods-YTPullRefresh.debug.xcconfig */,
				EF6794FB9E7386E1BCD1BBA1 /* Pods-YTPullRefresh.release.xcconfig */,
			);
			path = Pods;
			sourceTree = "<group>";
		};
/* End PBXGroup section */

/* Begin PBXNativeTarget section */
		375EC3F0243EB2A200125F46 /* YTPullRefresh */ = {
			isa = PBXNativeTarget;
			buildConfigurationList = 375EC40A243EB2A300125F46 /* Build configuration list for PBXNativeTarget "YTPullRefresh" */;
			buildPhases = (
				A2E5EE23851046D714C91CDE /* [CP] Check Pods Manifest.lock */,
				375EC3ED243EB2A200125F46 /* Sources */,
				375EC3EE243EB2A200125F46 /* Frameworks */,
				375EC3EF243EB2A200125F46 /* Resources */,
				596B923F537BEA1183BAF3D4 /* [CP] Embed Pods Frameworks */,
			);
			buildRules = (
			);
			dependencies = (
			);
			name = YTPullRefresh;
			productName = YTPullRefresh;
			productReference = 375EC3F1243EB2A200125F46 /* YTPullRefresh.app */;
			productType = "com.apple.product-type.application";
		};
/* End PBXNativeTarget section */

/* Begin PBXProject section */
		375EC3E9243EB2A200125F46 /* Project object */ = {
			isa = PBXProject;
			attributes = {
				LastUpgradeCheck = 1130;
				ORGANIZATIONNAME = "段雨田";
				TargetAttributes = {
					375EC3F0243EB2A200125F46 = {
						CreatedOnToolsVersion = 11.3.1;
					};
				};
			};
			buildConfigurationList = 375EC3EC243EB2A200125F46 /* Build configuration list for PBXProject "YTPullRefresh" */;
			compatibilityVersion = "Xcode 9.3";
			developmentRegion = en;
			hasScannedForEncodings = 0;
			knownRegions = (
				en,
				Base,
			);
			mainGroup = 375EC3E8243EB2A200125F46;
			productRefGroup = 375EC3F2243EB2A200125F46 /* Products */;
			projectDirPath = "";
			projectRoot = "";
			targets = (
				375EC3F0243EB2A200125F46 /* YTPullRefresh */,
			);
		};
/* End PBXProject section */

/* Begin PBXResourcesBuildPhase section */
		375EC3EF243EB2A200125F46 /* Resources */ = {
			isa = PBXResourcesBuildPhase;
			buildActionMask = 2147483647;
			files = (
				375EC404243EB2A300125F46 /* LaunchScreen.storyboard in Resources */,
				375EC401243EB2A300125F46 /* Assets.xcassets in Resources */,
				375EC3FF243EB2A200125F46 /* Main.storyboard in Resources */,
			);
			runOnlyForDeploymentPostprocessing = 0;
		};
/* End PBXResourcesBuildPhase section */

/* Begin PBXShellScriptBuildPhase section */
		596B923F537BEA1183BAF3D4 /* [CP] Embed Pods Frameworks */ = {
			isa = PBXShellScriptBuildPhase;
			buildActionMask = 2147483647;
			files = (
			);
			inputFileListPaths = (
				"${PODS_ROOT}/Target Support Files/Pods-YTPullRefresh/Pods-YTPullRefresh-frameworks-${CONFIGURATION}-input-files.xcfilelist",
			);
			name = "[CP] Embed Pods Frameworks";
			outputFileListPaths = (
				"${PODS_ROOT}/Target Support Files/Pods-YTPullRefresh/Pods-YTPullRefresh-frameworks-${CONFIGURATION}-output-files.xcfilelist",
			);
			runOnlyForDeploymentPostprocessing = 0;
			shellPath = /bin/sh;
			shellScript = "\"${PODS_ROOT}/Target Support Files/Pods-YTPullRefresh/Pods-YTPullRefresh-frameworks.sh\"\n";
			showEnvVarsInLog = 0;
		};
		A2E5EE23851046D714C91CDE /* [CP] Check Pods Manifest.lock */ = {
			isa = PBXShellScriptBuildPhase;
			buildActionMask = 2147483647;
			files = (
			);
			inputFileListPaths = (
			);
			inputPaths = (
				"${PODS_PODFILE_DIR_PATH}/Podfile.lock",
				"${PODS_ROOT}/Manifest.lock",
			);
			name = "[CP] Check Pods Manifest.lock";
			outputFileListPaths = (
			);
			outputPaths = (
				"$(DERIVED_FILE_DIR)/Pods-YTPullRefresh-checkManifestLockResult.txt",
			);
			runOnlyForDeploymentPostprocessing = 0;
			shellPath = /bin/sh;
			shellScript = "diff \"${PODS_PODFILE_DIR_PATH}/Podfile.lock\" \"${PODS_ROOT}/Manifest.lock\" > /dev/null\nif [ $? != 0 ] ; then\n    # print error to STDERR\n    echo \"error: The sandbox is not in sync with the Podfile.lock. Run 'pod install' or update your CocoaPods installation.\" >&2\n    exit 1\nfi\n# This output is used by Xcode 'outputs' to avoid re-running this script phase.\necho \"SUCCESS\" > \"${SCRIPT_OUTPUT_FILE_0}\"\n";
			showEnvVarsInLog = 0;
		};
/* End PBXShellScriptBuildPhase section */

/* Begin PBXSourcesBuildPhase section */
		375EC3ED243EB2A200125F46 /* Sources */ = {
			isa = PBXSourcesBuildPhase;
			buildActionMask = 2147483647;
			files = (
				375EC3FC243EB2A200125F46 /* ViewController.m in Sources */,
				375EC3F6243EB2A200125F46 /* AppDelegate.m in Sources */,
				375EC413243EC07B00125F46 /* YTPullRefreshFooter.m in Sources */,
				375EC407243EB2A300125F46 /* main.m in Sources */,
				375EC410243EB34300125F46 /* YTPusllRefreshHeader.m in Sources */,
				375EC3F9243EB2A200125F46 /* SceneDelegate.m in Sources */,
			);
			runOnlyForDeploymentPostprocessing = 0;
		};
/* End PBXSourcesBuildPhase section */

/* Begin PBXVariantGroup section */
		375EC3FD243EB2A200125F46 /* Main.storyboard */ = {
			isa = PBXVariantGroup;
			children = (
				375EC3FE243EB2A200125F46 /* Base */,
			);
			name = Main.storyboard;
			sourceTree = "<group>";
		};
		375EC402243EB2A300125F46 /* LaunchScreen.storyboard */ = {
			isa = PBXVariantGroup;
			children = (
				375EC403243EB2A300125F46 /* Base */,
			);
			name = LaunchScreen.storyboard;
			sourceTree = "<group>";
		};
/* End PBXVariantGroup section */

/* Begin XCBuildConfiguration section */
		375EC408243EB2A300125F46 /* Debug */ = {
			isa = XCBuildConfiguration;
			buildSettings = {
				ALWAYS_SEARCH_USER_PATHS = NO;
				CLANG_ANALYZER_NONNULL = YES;
				CLANG_ANALYZER_NUMBER_OBJECT_CONVERSION = YES_AGGRESSIVE;
				CLANG_CXX_LANGUAGE_STANDARD = "gnu++14";
				CLANG_CXX_LIBRARY = "libc++";
				CLANG_ENABLE_MODULES = YES;
				CLANG_ENABLE_OBJC_ARC = YES;
				CLANG_ENABLE_OBJC_WEAK = YES;
				CLANG_WARN_BLOCK_CAPTURE_AUTORELEASING = YES;
				CLANG_WARN_BOOL_CONVERSION = YES;
				CLANG_WARN_COMMA = YES;
				CLANG_WARN_CONSTANT_CONVERSION = YES;
				CLANG_WARN_DEPRECATED_OBJC_IMPLEMENTATIONS = YES;
				CLANG_WARN_DIRECT_OBJC_ISA_USAGE = YES_ERROR;
				CLANG_WARN_DOCUMENTATION_COMMENTS = YES;
				CLANG_WARN_EMPTY_BODY = YES;
				CLANG_WARN_ENUM_CONVERSION = YES;
				CLANG_WARN_INFINITE_RECURSION = YES;
				CLANG_WARN_INT_CONVERSION = YES;
				CLANG_WARN_NON_LITERAL_NULL_CONVERSION = YES;
				CLANG_WARN_OBJC_IMPLICIT_RETAIN_SELF = YES;
				CLANG_WARN_OBJC_LITERAL_CONVERSION = YES;
				CLANG_WARN_OBJC_ROOT_CLASS = YES_ERROR;
				CLANG_WARN_RANGE_LOOP_ANALYSIS = YES;
				CLANG_WARN_STRICT_PROTOTYPES = YES;
				CLANG_WARN_SUSPICIOUS_MOVE = YES;
				CLANG_WARN_UNGUARDED_AVAILABILITY = YES_AGGRESSIVE;
				CLANG_WARN_UNREACHABLE_CODE = YES;
				CLANG_WARN__DUPLICATE_METHOD_MATCH = YES;
				COPY_PHASE_STRIP = NO;
				DEBUG_INFORMATION_FORMAT = dwarf;
				ENABLE_STRICT_OBJC_MSGSEND = YES;
				ENABLE_TESTABILITY = YES;
				GCC_C_LANGUAGE_STANDARD = gnu11;
				GCC_DYNAMIC_NO_PIC = NO;
				GCC_NO_COMMON_BLOCKS = YES;
				GCC_OPTIMIZATION_LEVEL = 0;
				GCC_PREPROCESSOR_DEFINITIONS = (
					"DEBUG=1",
					"$(inherited)",
				);
				GCC_WARN_64_TO_32_BIT_CONVERSION = YES;
				GCC_WARN_ABOUT_RETURN_TYPE = YES_ERROR;
				GCC_WARN_UNDECLARED_SELECTOR = YES;
				GCC_WARN_UNINITIALIZED_AUTOS = YES_AGGRESSIVE;
				GCC_WARN_UNUSED_FUNCTION = YES;
				GCC_WARN_UNUSED_VARIABLE = YES;
				IPHONEOS_DEPLOYMENT_TARGET = 13.2;
				MTL_ENABLE_DEBUG_INFO = INCLUDE_SOURCE;
				MTL_FAST_MATH = YES;
				ONLY_ACTIVE_ARCH = YES;
				SDKROOT = iphoneos;
			};
			name = Debug;
		};
		375EC409243EB2A300125F46 /* Release */ = {
			isa = XCBuildConfiguration;
			buildSettings = {
				ALWAYS_SEARCH_USER_PATHS = NO;
				CLANG_ANALYZER_NONNULL = YES;
				CLANG_ANALYZER_NUMBER_OBJECT_CONVERSION = YES_AGGRESSIVE;
				CLANG_CXX_LANGUAGE_STANDARD = "gnu++14";
				CLANG_CXX_LIBRARY = "libc++";
				CLANG_ENABLE_MODULES = YES;
				CLANG_ENABLE_OBJC_ARC = YES;
				CLANG_ENABLE_OBJC_WEAK = YES;
				CLANG_WARN_BLOCK_CAPTURE_AUTORELEASING = YES;
				CLANG_WARN_BOOL_CONVERSION = YES;
				CLANG_WARN_COMMA = YES;
				CLANG_WARN_CONSTANT_CONVERSION = YES;
				CLANG_WARN_DEPRECATED_OBJC_IMPLEMENTATIONS = YES;
				CLANG_WARN_DIRECT_OBJC_ISA_USAGE = YES_ERROR;
				CLANG_WARN_DOCUMENTATION_COMMENTS = YES;
				CLANG_WARN_EMPTY_BODY = YES;
				CLANG_WARN_ENUM_CONVERSION = YES;
				CLANG_WARN_INFINITE_RECURSION = YES;
				CLANG_WARN_INT_CONVERSION = YES;
				CLANG_WARN_NON_LITERAL_NULL_CONVERSION = YES;
				CLANG_WARN_OBJC_IMPLICIT_RETAIN_SELF = YES;
				CLANG_WARN_OBJC_LITERAL_CONVERSION = YES;
				CLANG_WARN_OBJC_ROOT_CLASS = YES_ERROR;
				CLANG_WARN_RANGE_LOOP_ANALYSIS = YES;
				CLANG_WARN_STRICT_PROTOTYPES = YES;
				CLANG_WARN_SUSPICIOUS_MOVE = YES;
				CLANG_WARN_UNGUARDED_AVAILABILITY = YES_AGGRESSIVE;
				CLANG_WARN_UNREACHABLE_CODE = YES;
				CLANG_WARN__DUPLICATE_METHOD_MATCH = YES;
				COPY_PHASE_STRIP = NO;
				DEBUG_INFORMATION_FORMAT = "dwarf-with-dsym";
				ENABLE_NS_ASSERTIONS = NO;
				ENABLE_STRICT_OBJC_MSGSEND = YES;
				GCC_C_LANGUAGE_STANDARD = gnu11;
				GCC_NO_COMMON_BLOCKS = YES;
				GCC_WARN_64_TO_32_BIT_CONVERSION = YES;
				GCC_WARN_ABOUT_RETURN_TYPE = YES_ERROR;
				GCC_WARN_UNDECLARED_SELECTOR = YES;
				GCC_WARN_UNINITIALIZED_AUTOS = YES_AGGRESSIVE;
				GCC_WARN_UNUSED_FUNCTION = YES;
				GCC_WARN_UNUSED_VARIABLE = YES;
				IPHONEOS_DEPLOYMENT_TARGET = 13.2;
				MTL_ENABLE_DEBUG_INFO = NO;
				MTL_FAST_MATH = YES;
				SDKROOT = iphoneos;
				VALIDATE_PRODUCT = YES;
			};
			name = Release;
		};
		375EC40B243EB2A300125F46 /* Debug */ = {
			isa = XCBuildConfiguration;
			baseConfigurationReference = FCE160926C195D02C53DE02D /* Pods-YTPullRefresh.debug.xcconfig */;
			buildSettings = {
				ASSETCATALOG_COMPILER_APPICON_NAME = AppIcon;
				CODE_SIGN_STYLE = Automatic;
				DEVELOPMENT_TEAM = 7TNL83WLRC;
				INFOPLIST_FILE = YTPullRefresh/Info.plist;
				LD_RUNPATH_SEARCH_PATHS = (
					"$(inherited)",
					"@executable_path/Frameworks",
				);
				PRODUCT_BUNDLE_IDENTIFIER = LingZhu.YTPullRefresh;
				PRODUCT_NAME = "$(TARGET_NAME)";
				TARGETED_DEVICE_FAMILY = "1,2";
			};
			name = Debug;
		};
		375EC40C243EB2A300125F46 /* Release */ = {
			isa = XCBuildConfiguration;
			baseConfigurationReference = EF6794FB9E7386E1BCD1BBA1 /* Pods-YTPullRefresh.release.xcconfig */;
			buildSettings = {
				ASSETCATALOG_COMPILER_APPICON_NAME = AppIcon;
				CODE_SIGN_STYLE = Automatic;
				DEVELOPMENT_TEAM = 7TNL83WLRC;
				INFOPLIST_FILE = YTPullRefresh/Info.plist;
				LD_RUNPATH_SEARCH_PATHS = (
					"$(inherited)",
					"@executable_path/Frameworks",
				);
				PRODUCT_BUNDLE_IDENTIFIER = LingZhu.YTPullRefresh;
				PRODUCT_NAME = "$(TARGET_NAME)";
				TARGETED_DEVICE_FAMILY = "1,2";
			};
			name = Release;
		};
/* End XCBuildConfiguration section */

/* Begin XCConfigurationList section */
		375EC3EC243EB2A200125F46 /* Build configuration list for PBXProject "YTPullRefresh" */ = {
			isa = XCConfigurationList;
			buildConfigurations = (
				375EC408243EB2A300125F46 /* Debug */,
				375EC409243EB2A300125F46 /* Release */,
			);
			defaultConfigurationIsVisible = 0;
			defaultConfigurationName = Release;
		};
		375EC40A243EB2A300125F46 /* Build configuration list for PBXNativeTarget "YTPullRefresh" */ = {
			isa = XCConfigurationList;
			buildConfigurations = (
				375EC40B243EB2A300125F46 /* Debug */,
				375EC40C243EB2A300125F46 /* Release */,
			);
			defaultConfigurationIsVisible = 0;
			defaultConfigurationName = Release;
		};
/* End XCConfigurationList section */
	};
	rootObject = 375EC3E9243EB2A200125F46 /* Project object */;
}
